// !$*UTF8*$!
{
	archiveVersion = 1;
	classes = {
	};
	objectVersion = 51;
	objects = {

/* Begin PBXBuildFile section */
		450C3D7F251EC7D300096832 /* UserServiceDetailViewController.swift in Sources */ = {isa = PBXBuildFile; fileRef = 450C3D7E251EC7D300096832 /* UserServiceDetailViewController.swift */; };
		450C3D852521008F00096832 /* CheckoutViewController.swift in Sources */ = {isa = PBXBuildFile; fileRef = 450C3D812521008E00096832 /* CheckoutViewController.swift */; };
		450C3D862521008F00096832 /* Buttons.swift in Sources */ = {isa = PBXBuildFile; fileRef = 450C3D822521008E00096832 /* Buttons.swift */; };
		450C3D872521008F00096832 /* CheckoutRowView.swift in Sources */ = {isa = PBXBuildFile; fileRef = 450C3D832521008F00096832 /* CheckoutRowView.swift */; };
		450C3D882521008F00096832 /* BrowseProductsViewController.swift in Sources */ = {isa = PBXBuildFile; fileRef = 450C3D842521008F00096832 /* BrowseProductsViewController.swift */; };
		450C3D8A252100A000096832 /* MyAPIClient.swift in Sources */ = {isa = PBXBuildFile; fileRef = 450C3D89252100A000096832 /* MyAPIClient.swift */; };
		450C3D8C252100DA00096832 /* SettingsViewController.swift in Sources */ = {isa = PBXBuildFile; fileRef = 450C3D8B252100DA00096832 /* SettingsViewController.swift */; };
		450C3D8E2521010C00096832 /* AppDelegate.swift in Sources */ = {isa = PBXBuildFile; fileRef = 450C3D8D2521010C00096832 /* AppDelegate.swift */; };
		450C3D912521040C00096832 /* EmojiCheckoutCell.swift in Sources */ = {isa = PBXBuildFile; fileRef = 450C3D8F2521040C00096832 /* EmojiCheckoutCell.swift */; };
		450C3D922521040C00096832 /* EmojiCell.swift in Sources */ = {isa = PBXBuildFile; fileRef = 450C3D902521040C00096832 /* EmojiCell.swift */; };
		450C3D94252104FA00096832 /* PaymentContextFooterView.swift in Sources */ = {isa = PBXBuildFile; fileRef = 450C3D93252104FA00096832 /* PaymentContextFooterView.swift */; };
		450C3D9625240C9500096832 /* OwnerEditServicesViewController.swift in Sources */ = {isa = PBXBuildFile; fileRef = 450C3D9525240C9500096832 /* OwnerEditServicesViewController.swift */; };
		450C3D98252410F400096832 /* OwnerServiceDetailPopUpViewController.swift in Sources */ = {isa = PBXBuildFile; fileRef = 450C3D97252410F400096832 /* OwnerServiceDetailPopUpViewController.swift */; };
		450C3D9A252639F800096832 /* OwnerAddNewServiceViewController.swift in Sources */ = {isa = PBXBuildFile; fileRef = 450C3D99252639F800096832 /* OwnerAddNewServiceViewController.swift */; };
		450C3D9C252646AB00096832 /* FirebaseServices.swift in Sources */ = {isa = PBXBuildFile; fileRef = 450C3D9B252646AB00096832 /* FirebaseServices.swift */; };
		454C49A32509AAAD00A02076 /* MessagesTableViewController.swift in Sources */ = {isa = PBXBuildFile; fileRef = 454C49A22509AAAD00A02076 /* MessagesTableViewController.swift */; };
		454C49A52509AD9500A02076 /* ChatLogsViewController.swift in Sources */ = {isa = PBXBuildFile; fileRef = 454C49A42509AD9500A02076 /* ChatLogsViewController.swift */; };
		454C49A72509B1FB00A02076 /* NewMessagesTableViewController.swift in Sources */ = {isa = PBXBuildFile; fileRef = 454C49A62509B1FB00A02076 /* NewMessagesTableViewController.swift */; };
		454C49AA250E927400A02076 /* OwnerUpcomingServicesCalendarViewController.swift in Sources */ = {isa = PBXBuildFile; fileRef = 454C49A9250E927400A02076 /* OwnerUpcomingServicesCalendarViewController.swift */; };
		454C49AC250E94A600A02076 /* OwnerUpcomingServicesTableViewCell.swift in Sources */ = {isa = PBXBuildFile; fileRef = 454C49AB250E94A600A02076 /* OwnerUpcomingServicesTableViewCell.swift */; };
		454C49AE250FE94D00A02076 /* OwnerProfileViewController.swift in Sources */ = {isa = PBXBuildFile; fileRef = 454C49AD250FE94D00A02076 /* OwnerProfileViewController.swift */; };
		454C49B0250FEE1900A02076 /* OwnerServiceHistoryViewController.swift in Sources */ = {isa = PBXBuildFile; fileRef = 454C49AF250FEE1900A02076 /* OwnerServiceHistoryViewController.swift */; };
		454C49B2250FF14900A02076 /* Owner.swift in Sources */ = {isa = PBXBuildFile; fileRef = 454C49B1250FF14900A02076 /* Owner.swift */; };
		454C49B5251000E700A02076 /* OwnerMessagesTableViewController.swift in Sources */ = {isa = PBXBuildFile; fileRef = 454C49B4251000E700A02076 /* OwnerMessagesTableViewController.swift */; };
		454C49B7251000FC00A02076 /* OwnerNewMessagesTableViewController.swift in Sources */ = {isa = PBXBuildFile; fileRef = 454C49B6251000FC00A02076 /* OwnerNewMessagesTableViewController.swift */; };
		454C49B92510011200A02076 /* OwnerChatLogsViewController.swift in Sources */ = {isa = PBXBuildFile; fileRef = 454C49B82510011200A02076 /* OwnerChatLogsViewController.swift */; };
		455185502513EAFB00888BC5 /* OwnerUpcommingAppointmentWorkOrderViewController.swift in Sources */ = {isa = PBXBuildFile; fileRef = 4551854F2513EAFB00888BC5 /* OwnerUpcommingAppointmentWorkOrderViewController.swift */; };
		455185522513FFDE00888BC5 /* OwnerAppointmentHistoryDetailViewController.swift in Sources */ = {isa = PBXBuildFile; fileRef = 455185512513FFDE00888BC5 /* OwnerAppointmentHistoryDetailViewController.swift */; };
		4551855625153B4C00888BC5 /* ServiceDetailPopUpViewController.swift in Sources */ = {isa = PBXBuildFile; fileRef = 4551855525153B4C00888BC5 /* ServiceDetailPopUpViewController.swift */; };
		4551855A2516DCA800888BC5 /* Message.swift in Sources */ = {isa = PBXBuildFile; fileRef = 455185592516DCA800888BC5 /* Message.swift */; };
		4551855C251E59FB00888BC5 /* CollectionViewCell.swift in Sources */ = {isa = PBXBuildFile; fileRef = 4551855B251E59FB00888BC5 /* CollectionViewCell.swift */; };
		45A1E42524F82E37003744B9 /* SceneDelegate.swift in Sources */ = {isa = PBXBuildFile; fileRef = 45A1E42424F82E37003744B9 /* SceneDelegate.swift */; };
		45A1E42724F82E37003744B9 /* ViewController.swift in Sources */ = {isa = PBXBuildFile; fileRef = 45A1E42624F82E37003744B9 /* ViewController.swift */; };
		45A1E42A24F82E37003744B9 /* Main.storyboard in Resources */ = {isa = PBXBuildFile; fileRef = 45A1E42824F82E37003744B9 /* Main.storyboard */; };
		45A1E42C24F82E3C003744B9 /* Assets.xcassets in Resources */ = {isa = PBXBuildFile; fileRef = 45A1E42B24F82E3C003744B9 /* Assets.xcassets */; };
		45A1E42F24F82E3C003744B9 /* LaunchScreen.storyboard in Resources */ = {isa = PBXBuildFile; fileRef = 45A1E42D24F82E3C003744B9 /* LaunchScreen.storyboard */; };
		45A1E43824F9F6BC003744B9 /* RegisterViewController.swift in Sources */ = {isa = PBXBuildFile; fileRef = 45A1E43724F9F6BC003744B9 /* RegisterViewController.swift */; };
		45A1E43A24FB5334003744B9 /* GoogleService-Info.plist in Resources */ = {isa = PBXBuildFile; fileRef = 45A1E43924FB5334003744B9 /* GoogleService-Info.plist */; };
		45A1E43D24FC1ACB003744B9 /* UserServicesViewController.swift in Sources */ = {isa = PBXBuildFile; fileRef = 45A1E43C24FC1ACB003744B9 /* UserServicesViewController.swift */; };
		45A1E44024FC1B95003744B9 /* Part.swift in Sources */ = {isa = PBXBuildFile; fileRef = 45A1E43F24FC1B95003744B9 /* Part.swift */; };
		45A1E44324FC1BC0003744B9 /* PartController.swift in Sources */ = {isa = PBXBuildFile; fileRef = 45A1E44224FC1BC0003744B9 /* PartController.swift */; };
		45A1E44624FD8142003744B9 /* UserCalendarViewController.swift in Sources */ = {isa = PBXBuildFile; fileRef = 45A1E44524FD8142003744B9 /* UserCalendarViewController.swift */; };
		45A1E44824FD8356003744B9 /* DateHeader.swift in Sources */ = {isa = PBXBuildFile; fileRef = 45A1E44724FD8356003744B9 /* DateHeader.swift */; };
		45A1E44A24FD85D9003744B9 /* DateCell.swift in Sources */ = {isa = PBXBuildFile; fileRef = 45A1E44924FD85D9003744B9 /* DateCell.swift */; };
		45A1E44C24FED668003744B9 /* UserConfirmViewController.swift in Sources */ = {isa = PBXBuildFile; fileRef = 45A1E44B24FED668003744B9 /* UserConfirmViewController.swift */; };
		45A1E44E2501CD9D003744B9 /* Confirm.swift in Sources */ = {isa = PBXBuildFile; fileRef = 45A1E44D2501CD9D003744B9 /* Confirm.swift */; };
		45A1E4502502CB23003744B9 /* Users.swift in Sources */ = {isa = PBXBuildFile; fileRef = 45A1E44F2502CB23003744B9 /* Users.swift */; };
		45A1E45325049A0D003744B9 /* UserProfileViewController.swift in Sources */ = {isa = PBXBuildFile; fileRef = 45A1E45225049A0D003744B9 /* UserProfileViewController.swift */; };
		45A1E45625049C13003744B9 /* Extensions.swift in Sources */ = {isa = PBXBuildFile; fileRef = 45A1E45525049C13003744B9 /* Extensions.swift */; };
		45A1E4592504A437003744B9 /* ServiceTableViewCell.swift in Sources */ = {isa = PBXBuildFile; fileRef = 45A1E4582504A437003744B9 /* ServiceTableViewCell.swift */; };
		45A1E45D2504A531003744B9 /* UserServiceHistoryViewController.swift in Sources */ = {isa = PBXBuildFile; fileRef = 45A1E45C2504A531003744B9 /* UserServiceHistoryViewController.swift */; };
		45A1E45F2506B667003744B9 /* FirebaseConfirm.swift in Sources */ = {isa = PBXBuildFile; fileRef = 45A1E45E2506B667003744B9 /* FirebaseConfirm.swift */; };
		45AAF375255C609700908981 /* TabBarViewController.swift in Sources */ = {isa = PBXBuildFile; fileRef = 45AAF374255C609700908981 /* TabBarViewController.swift */; };
		45BED5C52530E5120080953F /* PaymentsViewController.swift in Sources */ = {isa = PBXBuildFile; fileRef = 45BED5C42530E5120080953F /* PaymentsViewController.swift */; };
		45BED5C72534B6030080953F /* CustomServiceCell.swift in Sources */ = {isa = PBXBuildFile; fileRef = 45BED5C62534B6030080953F /* CustomServiceCell.swift */; };
		45BED5C92534BB510080953F /* TestNewCheckoutViewController.swift in Sources */ = {isa = PBXBuildFile; fileRef = 45BED5C82534BB510080953F /* TestNewCheckoutViewController.swift */; };
		45BED5CB2534C2060080953F /* ServiceCehckoutCell.swift in Sources */ = {isa = PBXBuildFile; fileRef = 45BED5CA2534C2060080953F /* ServiceCehckoutCell.swift */; };
		C93C4C93184025E67F89203D /* Pods_Boatell_v3.framework in Frameworks */ = {isa = PBXBuildFile; fileRef = A749DC2D477170307B1B42ED /* Pods_Boatell_v3.framework */; };
/* End PBXBuildFile section */

/* Begin PBXFileReference section */
		450C3D7E251EC7D300096832 /* UserServiceDetailViewController.swift */ = {isa = PBXFileReference; lastKnownFileType = sourcecode.swift; path = UserServiceDetailViewController.swift; sourceTree = "<group>"; };
		450C3D812521008E00096832 /* CheckoutViewController.swift */ = {isa = PBXFileReference; fileEncoding = 4; lastKnownFileType = sourcecode.swift; path = CheckoutViewController.swift; sourceTree = "<group>"; };
		450C3D822521008E00096832 /* Buttons.swift */ = {isa = PBXFileReference; fileEncoding = 4; lastKnownFileType = sourcecode.swift; path = Buttons.swift; sourceTree = "<group>"; };
		450C3D832521008F00096832 /* CheckoutRowView.swift */ = {isa = PBXFileReference; fileEncoding = 4; lastKnownFileType = sourcecode.swift; path = CheckoutRowView.swift; sourceTree = "<group>"; };
		450C3D842521008F00096832 /* BrowseProductsViewController.swift */ = {isa = PBXFileReference; fileEncoding = 4; lastKnownFileType = sourcecode.swift; path = BrowseProductsViewController.swift; sourceTree = "<group>"; };
		450C3D89252100A000096832 /* MyAPIClient.swift */ = {isa = PBXFileReference; fileEncoding = 4; lastKnownFileType = sourcecode.swift; path = MyAPIClient.swift; sourceTree = "<group>"; };
		450C3D8B252100DA00096832 /* SettingsViewController.swift */ = {isa = PBXFileReference; fileEncoding = 4; lastKnownFileType = sourcecode.swift; path = SettingsViewController.swift; sourceTree = "<group>"; };
		450C3D8D2521010C00096832 /* AppDelegate.swift */ = {isa = PBXFileReference; fileEncoding = 4; lastKnownFileType = sourcecode.swift; path = AppDelegate.swift; sourceTree = "<group>"; };
		450C3D8F2521040C00096832 /* EmojiCheckoutCell.swift */ = {isa = PBXFileReference; fileEncoding = 4; lastKnownFileType = sourcecode.swift; path = EmojiCheckoutCell.swift; sourceTree = "<group>"; };
		450C3D902521040C00096832 /* EmojiCell.swift */ = {isa = PBXFileReference; fileEncoding = 4; lastKnownFileType = sourcecode.swift; path = EmojiCell.swift; sourceTree = "<group>"; };
		450C3D93252104FA00096832 /* PaymentContextFooterView.swift */ = {isa = PBXFileReference; fileEncoding = 4; lastKnownFileType = sourcecode.swift; path = PaymentContextFooterView.swift; sourceTree = "<group>"; };
		450C3D9525240C9500096832 /* OwnerEditServicesViewController.swift */ = {isa = PBXFileReference; lastKnownFileType = sourcecode.swift; path = OwnerEditServicesViewController.swift; sourceTree = "<group>"; };
		450C3D97252410F400096832 /* OwnerServiceDetailPopUpViewController.swift */ = {isa = PBXFileReference; lastKnownFileType = sourcecode.swift; path = OwnerServiceDetailPopUpViewController.swift; sourceTree = "<group>"; };
		450C3D99252639F800096832 /* OwnerAddNewServiceViewController.swift */ = {isa = PBXFileReference; lastKnownFileType = sourcecode.swift; path = OwnerAddNewServiceViewController.swift; sourceTree = "<group>"; };
		450C3D9B252646AB00096832 /* FirebaseServices.swift */ = {isa = PBXFileReference; lastKnownFileType = sourcecode.swift; path = FirebaseServices.swift; sourceTree = "<group>"; };
		454C49A22509AAAD00A02076 /* MessagesTableViewController.swift */ = {isa = PBXFileReference; lastKnownFileType = sourcecode.swift; path = MessagesTableViewController.swift; sourceTree = "<group>"; };
		454C49A42509AD9500A02076 /* ChatLogsViewController.swift */ = {isa = PBXFileReference; lastKnownFileType = sourcecode.swift; path = ChatLogsViewController.swift; sourceTree = "<group>"; };
		454C49A62509B1FB00A02076 /* NewMessagesTableViewController.swift */ = {isa = PBXFileReference; lastKnownFileType = sourcecode.swift; path = NewMessagesTableViewController.swift; sourceTree = "<group>"; };
		454C49A9250E927400A02076 /* OwnerUpcomingServicesCalendarViewController.swift */ = {isa = PBXFileReference; lastKnownFileType = sourcecode.swift; path = OwnerUpcomingServicesCalendarViewController.swift; sourceTree = "<group>"; };
		454C49AB250E94A600A02076 /* OwnerUpcomingServicesTableViewCell.swift */ = {isa = PBXFileReference; lastKnownFileType = sourcecode.swift; path = OwnerUpcomingServicesTableViewCell.swift; sourceTree = "<group>"; };
		454C49AD250FE94D00A02076 /* OwnerProfileViewController.swift */ = {isa = PBXFileReference; lastKnownFileType = sourcecode.swift; path = OwnerProfileViewController.swift; sourceTree = "<group>"; };
		454C49AF250FEE1900A02076 /* OwnerServiceHistoryViewController.swift */ = {isa = PBXFileReference; lastKnownFileType = sourcecode.swift; path = OwnerServiceHistoryViewController.swift; sourceTree = "<group>"; };
		454C49B1250FF14900A02076 /* Owner.swift */ = {isa = PBXFileReference; lastKnownFileType = sourcecode.swift; path = Owner.swift; sourceTree = "<group>"; };
		454C49B4251000E700A02076 /* OwnerMessagesTableViewController.swift */ = {isa = PBXFileReference; lastKnownFileType = sourcecode.swift; path = OwnerMessagesTableViewController.swift; sourceTree = "<group>"; };
		454C49B6251000FC00A02076 /* OwnerNewMessagesTableViewController.swift */ = {isa = PBXFileReference; lastKnownFileType = sourcecode.swift; path = OwnerNewMessagesTableViewController.swift; sourceTree = "<group>"; };
		454C49B82510011200A02076 /* OwnerChatLogsViewController.swift */ = {isa = PBXFileReference; lastKnownFileType = sourcecode.swift; path = OwnerChatLogsViewController.swift; sourceTree = "<group>"; };
		4551854F2513EAFB00888BC5 /* OwnerUpcommingAppointmentWorkOrderViewController.swift */ = {isa = PBXFileReference; lastKnownFileType = sourcecode.swift; path = OwnerUpcommingAppointmentWorkOrderViewController.swift; sourceTree = "<group>"; };
		455185512513FFDE00888BC5 /* OwnerAppointmentHistoryDetailViewController.swift */ = {isa = PBXFileReference; lastKnownFileType = sourcecode.swift; path = OwnerAppointmentHistoryDetailViewController.swift; sourceTree = "<group>"; };
		4551855525153B4C00888BC5 /* ServiceDetailPopUpViewController.swift */ = {isa = PBXFileReference; lastKnownFileType = sourcecode.swift; path = ServiceDetailPopUpViewController.swift; sourceTree = "<group>"; };
		455185592516DCA800888BC5 /* Message.swift */ = {isa = PBXFileReference; lastKnownFileType = sourcecode.swift; path = Message.swift; sourceTree = "<group>"; };
		4551855B251E59FB00888BC5 /* CollectionViewCell.swift */ = {isa = PBXFileReference; lastKnownFileType = sourcecode.swift; path = CollectionViewCell.swift; sourceTree = "<group>"; };
		45A1E41F24F82E37003744B9 /* Boatell-v3.app */ = {isa = PBXFileReference; explicitFileType = wrapper.application; includeInIndex = 0; path = "Boatell-v3.app"; sourceTree = BUILT_PRODUCTS_DIR; };
		45A1E42424F82E37003744B9 /* SceneDelegate.swift */ = {isa = PBXFileReference; lastKnownFileType = sourcecode.swift; path = SceneDelegate.swift; sourceTree = "<group>"; };
		45A1E42624F82E37003744B9 /* ViewController.swift */ = {isa = PBXFileReference; lastKnownFileType = sourcecode.swift; path = ViewController.swift; sourceTree = "<group>"; };
		45A1E42924F82E37003744B9 /* Base */ = {isa = PBXFileReference; lastKnownFileType = file.storyboard; name = Base; path = Base.lproj/Main.storyboard; sourceTree = "<group>"; };
		45A1E42B24F82E3C003744B9 /* Assets.xcassets */ = {isa = PBXFileReference; lastKnownFileType = folder.assetcatalog; path = Assets.xcassets; sourceTree = "<group>"; };
		45A1E42E24F82E3C003744B9 /* Base */ = {isa = PBXFileReference; lastKnownFileType = file.storyboard; name = Base; path = Base.lproj/LaunchScreen.storyboard; sourceTree = "<group>"; };
		45A1E43024F82E3C003744B9 /* Info.plist */ = {isa = PBXFileReference; lastKnownFileType = text.plist.xml; path = Info.plist; sourceTree = "<group>"; };
		45A1E43724F9F6BC003744B9 /* RegisterViewController.swift */ = {isa = PBXFileReference; lastKnownFileType = sourcecode.swift; path = RegisterViewController.swift; sourceTree = "<group>"; };
		45A1E43924FB5334003744B9 /* GoogleService-Info.plist */ = {isa = PBXFileReference; fileEncoding = 4; lastKnownFileType = text.plist.xml; path = "GoogleService-Info.plist"; sourceTree = "<group>"; };
		45A1E43C24FC1ACB003744B9 /* UserServicesViewController.swift */ = {isa = PBXFileReference; lastKnownFileType = sourcecode.swift; path = UserServicesViewController.swift; sourceTree = "<group>"; };
		45A1E43F24FC1B95003744B9 /* Part.swift */ = {isa = PBXFileReference; lastKnownFileType = sourcecode.swift; path = Part.swift; sourceTree = "<group>"; };
		45A1E44224FC1BC0003744B9 /* PartController.swift */ = {isa = PBXFileReference; lastKnownFileType = sourcecode.swift; path = PartController.swift; sourceTree = "<group>"; };
		45A1E44524FD8142003744B9 /* UserCalendarViewController.swift */ = {isa = PBXFileReference; lastKnownFileType = sourcecode.swift; path = UserCalendarViewController.swift; sourceTree = "<group>"; };
		45A1E44724FD8356003744B9 /* DateHeader.swift */ = {isa = PBXFileReference; lastKnownFileType = sourcecode.swift; path = DateHeader.swift; sourceTree = "<group>"; };
		45A1E44924FD85D9003744B9 /* DateCell.swift */ = {isa = PBXFileReference; lastKnownFileType = sourcecode.swift; path = DateCell.swift; sourceTree = "<group>"; };
		45A1E44B24FED668003744B9 /* UserConfirmViewController.swift */ = {isa = PBXFileReference; lastKnownFileType = sourcecode.swift; path = UserConfirmViewController.swift; sourceTree = "<group>"; };
		45A1E44D2501CD9D003744B9 /* Confirm.swift */ = {isa = PBXFileReference; lastKnownFileType = sourcecode.swift; path = Confirm.swift; sourceTree = "<group>"; };
		45A1E44F2502CB23003744B9 /* Users.swift */ = {isa = PBXFileReference; lastKnownFileType = sourcecode.swift; path = Users.swift; sourceTree = "<group>"; };
		45A1E45225049A0D003744B9 /* UserProfileViewController.swift */ = {isa = PBXFileReference; lastKnownFileType = sourcecode.swift; path = UserProfileViewController.swift; sourceTree = "<group>"; };
		45A1E45525049C13003744B9 /* Extensions.swift */ = {isa = PBXFileReference; lastKnownFileType = sourcecode.swift; path = Extensions.swift; sourceTree = "<group>"; };
		45A1E4582504A437003744B9 /* ServiceTableViewCell.swift */ = {isa = PBXFileReference; lastKnownFileType = sourcecode.swift; path = ServiceTableViewCell.swift; sourceTree = "<group>"; };
		45A1E45C2504A531003744B9 /* UserServiceHistoryViewController.swift */ = {isa = PBXFileReference; lastKnownFileType = sourcecode.swift; path = UserServiceHistoryViewController.swift; sourceTree = "<group>"; };
		45A1E45E2506B667003744B9 /* FirebaseConfirm.swift */ = {isa = PBXFileReference; lastKnownFileType = sourcecode.swift; path = FirebaseConfirm.swift; sourceTree = "<group>"; };
		45AAF374255C609700908981 /* TabBarViewController.swift */ = {isa = PBXFileReference; lastKnownFileType = sourcecode.swift; path = TabBarViewController.swift; sourceTree = "<group>"; };
		45BED5C42530E5120080953F /* PaymentsViewController.swift */ = {isa = PBXFileReference; lastKnownFileType = sourcecode.swift; path = PaymentsViewController.swift; sourceTree = "<group>"; };
		45BED5C62534B6030080953F /* CustomServiceCell.swift */ = {isa = PBXFileReference; lastKnownFileType = sourcecode.swift; path = CustomServiceCell.swift; sourceTree = "<group>"; };
		45BED5C82534BB510080953F /* TestNewCheckoutViewController.swift */ = {isa = PBXFileReference; lastKnownFileType = sourcecode.swift; path = TestNewCheckoutViewController.swift; sourceTree = "<group>"; };
		45BED5CA2534C2060080953F /* ServiceCehckoutCell.swift */ = {isa = PBXFileReference; lastKnownFileType = sourcecode.swift; path = ServiceCehckoutCell.swift; sourceTree = "<group>"; };
		45EB1FCBE3A9FC79838EE83D /* Pods-Boatell-v3.release.xcconfig */ = {isa = PBXFileReference; includeInIndex = 1; lastKnownFileType = text.xcconfig; name = "Pods-Boatell-v3.release.xcconfig"; path = "Target Support Files/Pods-Boatell-v3/Pods-Boatell-v3.release.xcconfig"; sourceTree = "<group>"; };
		A749DC2D477170307B1B42ED /* Pods_Boatell_v3.framework */ = {isa = PBXFileReference; explicitFileType = wrapper.framework; includeInIndex = 0; path = Pods_Boatell_v3.framework; sourceTree = BUILT_PRODUCTS_DIR; };
		B3D111A115C7FAD47E615D9B /* Pods-Boatell-v3.debug.xcconfig */ = {isa = PBXFileReference; includeInIndex = 1; lastKnownFileType = text.xcconfig; name = "Pods-Boatell-v3.debug.xcconfig"; path = "Target Support Files/Pods-Boatell-v3/Pods-Boatell-v3.debug.xcconfig"; sourceTree = "<group>"; };
/* End PBXFileReference section */

/* Begin PBXFrameworksBuildPhase section */
		45A1E41C24F82E37003744B9 /* Frameworks */ = {
			isa = PBXFrameworksBuildPhase;
			buildActionMask = 2147483647;
			files = (
				C93C4C93184025E67F89203D /* Pods_Boatell_v3.framework in Frameworks */,
			);
			runOnlyForDeploymentPostprocessing = 0;
		};
/* End PBXFrameworksBuildPhase section */

/* Begin PBXGroup section */
		450C3D802521005100096832 /* Stripe */ = {
			isa = PBXGroup;
			children = (
				450C3D842521008F00096832 /* BrowseProductsViewController.swift */,
				450C3D822521008E00096832 /* Buttons.swift */,
				450C3D832521008F00096832 /* CheckoutRowView.swift */,
				450C3D812521008E00096832 /* CheckoutViewController.swift */,
				450C3D89252100A000096832 /* MyAPIClient.swift */,
				450C3D8B252100DA00096832 /* SettingsViewController.swift */,
				450C3D902521040C00096832 /* EmojiCell.swift */,
				450C3D8F2521040C00096832 /* EmojiCheckoutCell.swift */,
				450C3D93252104FA00096832 /* PaymentContextFooterView.swift */,
				45BED5C42530E5120080953F /* PaymentsViewController.swift */,
				45BED5C82534BB510080953F /* TestNewCheckoutViewController.swift */,
			);
			path = Stripe;
			sourceTree = "<group>";
		};
		454C49A12509AA7D00A02076 /* User Messages */ = {
			isa = PBXGroup;
			children = (
				454C49A22509AAAD00A02076 /* MessagesTableViewController.swift */,
				454C49A42509AD9500A02076 /* ChatLogsViewController.swift */,
				454C49A62509B1FB00A02076 /* NewMessagesTableViewController.swift */,
			);
			path = "User Messages";
			sourceTree = "<group>";
		};
		454C49A8250E924500A02076 /* Owner Profile */ = {
			isa = PBXGroup;
			children = (
				454C49B3250FFFEE00A02076 /* Owner Messages */,
				454C49A9250E927400A02076 /* OwnerUpcomingServicesCalendarViewController.swift */,
				454C49AD250FE94D00A02076 /* OwnerProfileViewController.swift */,
				454C49AF250FEE1900A02076 /* OwnerServiceHistoryViewController.swift */,
				4551854F2513EAFB00888BC5 /* OwnerUpcommingAppointmentWorkOrderViewController.swift */,
				455185512513FFDE00888BC5 /* OwnerAppointmentHistoryDetailViewController.swift */,
				450C3D9525240C9500096832 /* OwnerEditServicesViewController.swift */,
				450C3D97252410F400096832 /* OwnerServiceDetailPopUpViewController.swift */,
				450C3D99252639F800096832 /* OwnerAddNewServiceViewController.swift */,
			);
			path = "Owner Profile";
			sourceTree = "<group>";
		};
		454C49B3250FFFEE00A02076 /* Owner Messages */ = {
			isa = PBXGroup;
			children = (
				454C49B4251000E700A02076 /* OwnerMessagesTableViewController.swift */,
				454C49B6251000FC00A02076 /* OwnerNewMessagesTableViewController.swift */,
				454C49B82510011200A02076 /* OwnerChatLogsViewController.swift */,
			);
			path = "Owner Messages";
			sourceTree = "<group>";
		};
		45A1E41624F82E37003744B9 = {
			isa = PBXGroup;
			children = (
				45A1E42124F82E37003744B9 /* Boatell-v3 */,
				45A1E42024F82E37003744B9 /* Products */,
				8830C34046E944E4704EC566 /* Pods */,
				F01FD29461990718E9A19555 /* Frameworks */,
			);
			sourceTree = "<group>";
		};
		45A1E42024F82E37003744B9 /* Products */ = {
			isa = PBXGroup;
			children = (
				45A1E41F24F82E37003744B9 /* Boatell-v3.app */,
			);
			name = Products;
			sourceTree = "<group>";
		};
		45A1E42124F82E37003744B9 /* Boatell-v3 */ = {
			isa = PBXGroup;
			children = (
				45AAF373255C607500908981 /* Tab Bar Controller */,
				450C3D802521005100096832 /* Stripe */,
				454C49A8250E924500A02076 /* Owner Profile */,
				454C49A12509AA7D00A02076 /* User Messages */,
				45A1E4572504A41C003744B9 /* Views */,
				45A1E45425049BFA003744B9 /* Helpers */,
				45A1E44124FC1BAE003744B9 /* Model Controller */,
				45A1E43E24FC1B86003744B9 /* Model */,
				45A1E43B24FC1AAC003744B9 /* User Profile */,
				45A1E43624F9F69E003744B9 /* Login + Register */,
				450C3D8D2521010C00096832 /* AppDelegate.swift */,
				45A1E42424F82E37003744B9 /* SceneDelegate.swift */,
				45A1E42824F82E37003744B9 /* Main.storyboard */,
				45A1E42B24F82E3C003744B9 /* Assets.xcassets */,
				45A1E42D24F82E3C003744B9 /* LaunchScreen.storyboard */,
				45A1E43024F82E3C003744B9 /* Info.plist */,
				45A1E43924FB5334003744B9 /* GoogleService-Info.plist */,
			);
			path = "Boatell-v3";
			sourceTree = "<group>";
		};
		45A1E43624F9F69E003744B9 /* Login + Register */ = {
			isa = PBXGroup;
			children = (
				45A1E42624F82E37003744B9 /* ViewController.swift */,
				45A1E43724F9F6BC003744B9 /* RegisterViewController.swift */,
			);
			path = "Login + Register";
			sourceTree = "<group>";
		};
		45A1E43B24FC1AAC003744B9 /* User Profile */ = {
			isa = PBXGroup;
			children = (
				45A1E451250499E0003744B9 /* Profile */,
				45A1E44424FD8123003744B9 /* User Calendar */,
				45A1E43C24FC1ACB003744B9 /* UserServicesViewController.swift */,
				45A1E44B24FED668003744B9 /* UserConfirmViewController.swift */,
				4551855525153B4C00888BC5 /* ServiceDetailPopUpViewController.swift */,
				450C3D7E251EC7D300096832 /* UserServiceDetailViewController.swift */,
			);
			path = "User Profile";
			sourceTree = "<group>";
		};
		45A1E43E24FC1B86003744B9 /* Model */ = {
			isa = PBXGroup;
			children = (
				45A1E43F24FC1B95003744B9 /* Part.swift */,
				45A1E44D2501CD9D003744B9 /* Confirm.swift */,
				45A1E44F2502CB23003744B9 /* Users.swift */,
				45A1E45E2506B667003744B9 /* FirebaseConfirm.swift */,
				454C49B1250FF14900A02076 /* Owner.swift */,
				455185592516DCA800888BC5 /* Message.swift */,
				450C3D9B252646AB00096832 /* FirebaseServices.swift */,
			);
			path = Model;
			sourceTree = "<group>";
		};
		45A1E44124FC1BAE003744B9 /* Model Controller */ = {
			isa = PBXGroup;
			children = (
				45A1E44224FC1BC0003744B9 /* PartController.swift */,
			);
			path = "Model Controller";
			sourceTree = "<group>";
		};
		45A1E44424FD8123003744B9 /* User Calendar */ = {
			isa = PBXGroup;
			children = (
				45A1E44524FD8142003744B9 /* UserCalendarViewController.swift */,
				45A1E44724FD8356003744B9 /* DateHeader.swift */,
				45A1E44924FD85D9003744B9 /* DateCell.swift */,
			);
			path = "User Calendar";
			sourceTree = "<group>";
		};
		45A1E451250499E0003744B9 /* Profile */ = {
			isa = PBXGroup;
			children = (
				45A1E45225049A0D003744B9 /* UserProfileViewController.swift */,
				45A1E45C2504A531003744B9 /* UserServiceHistoryViewController.swift */,
			);
			path = Profile;
			sourceTree = "<group>";
		};
		45A1E45425049BFA003744B9 /* Helpers */ = {
			isa = PBXGroup;
			children = (
				45A1E45525049C13003744B9 /* Extensions.swift */,
			);
			path = Helpers;
			sourceTree = "<group>";
		};
		45A1E4572504A41C003744B9 /* Views */ = {
			isa = PBXGroup;
			children = (
				45A1E4582504A437003744B9 /* ServiceTableViewCell.swift */,
				454C49AB250E94A600A02076 /* OwnerUpcomingServicesTableViewCell.swift */,
				4551855B251E59FB00888BC5 /* CollectionViewCell.swift */,
				45BED5C62534B6030080953F /* CustomServiceCell.swift */,
				45BED5CA2534C2060080953F /* ServiceCehckoutCell.swift */,
			);
			path = Views;
			sourceTree = "<group>";
		};
		45AAF373255C607500908981 /* Tab Bar Controller */ = {
			isa = PBXGroup;
			children = (
				45AAF374255C609700908981 /* TabBarViewController.swift */,
			);
			path = "Tab Bar Controller";
			sourceTree = "<group>";
		};
		8830C34046E944E4704EC566 /* Pods */ = {
			isa = PBXGroup;
			children = (
				B3D111A115C7FAD47E615D9B /* Pods-Boatell-v3.debug.xcconfig */,
				45EB1FCBE3A9FC79838EE83D /* Pods-Boatell-v3.release.xcconfig */,
			);
			path = Pods;
			sourceTree = "<group>";
		};
		F01FD29461990718E9A19555 /* Frameworks */ = {
			isa = PBXGroup;
			children = (
				A749DC2D477170307B1B42ED /* Pods_Boatell_v3.framework */,
			);
			name = Frameworks;
			sourceTree = "<group>";
		};
/* End PBXGroup section */

/* Begin PBXNativeTarget section */
		45A1E41E24F82E37003744B9 /* Boatell-v3 */ = {
			isa = PBXNativeTarget;
			buildConfigurationList = 45A1E43324F82E3C003744B9 /* Build configuration list for PBXNativeTarget "Boatell-v3" */;
			buildPhases = (
				E27587EED796FEF48420EF48 /* [CP] Check Pods Manifest.lock */,
				45A1E41B24F82E37003744B9 /* Sources */,
				45A1E41C24F82E37003744B9 /* Frameworks */,
				45A1E41D24F82E37003744B9 /* Resources */,
				01096C59E24FA0160891111F /* [CP] Embed Pods Frameworks */,
			);
			buildRules = (
			);
			dependencies = (
			);
			name = "Boatell-v3";
			productName = "Boatell-v3";
			productReference = 45A1E41F24F82E37003744B9 /* Boatell-v3.app */;
			productType = "com.apple.product-type.application";
		};
/* End PBXNativeTarget section */

/* Begin PBXProject section */
		45A1E41724F82E37003744B9 /* Project object */ = {
			isa = PBXProject;
			attributes = {
				LastSwiftUpdateCheck = 1150;
				LastUpgradeCheck = 1150;
				ORGANIZATIONNAME = "Lambda School";
				TargetAttributes = {
					45A1E41E24F82E37003744B9 = {
						CreatedOnToolsVersion = 11.5;
					};
				};
			};
			buildConfigurationList = 45A1E41A24F82E37003744B9 /* Build configuration list for PBXProject "Boatell-v3" */;
			compatibilityVersion = "Xcode 9.3";
			developmentRegion = en;
			hasScannedForEncodings = 0;
			knownRegions = (
				en,
				Base,
			);
			mainGroup = 45A1E41624F82E37003744B9;
			productRefGroup = 45A1E42024F82E37003744B9 /* Products */;
			projectDirPath = "";
			projectRoot = "";
			targets = (
				45A1E41E24F82E37003744B9 /* Boatell-v3 */,
			);
		};
/* End PBXProject section */

/* Begin PBXResourcesBuildPhase section */
		45A1E41D24F82E37003744B9 /* Resources */ = {
			isa = PBXResourcesBuildPhase;
			buildActionMask = 2147483647;
			files = (
				45A1E42F24F82E3C003744B9 /* LaunchScreen.storyboard in Resources */,
				45A1E43A24FB5334003744B9 /* GoogleService-Info.plist in Resources */,
				45A1E42C24F82E3C003744B9 /* Assets.xcassets in Resources */,
				45A1E42A24F82E37003744B9 /* Main.storyboard in Resources */,
			);
			runOnlyForDeploymentPostprocessing = 0;
		};
/* End PBXResourcesBuildPhase section */

/* Begin PBXShellScriptBuildPhase section */
		01096C59E24FA0160891111F /* [CP] Embed Pods Frameworks */ = {
			isa = PBXShellScriptBuildPhase;
			buildActionMask = 2147483647;
			files = (
			);
			inputFileListPaths = (
				"${PODS_ROOT}/Target Support Files/Pods-Boatell-v3/Pods-Boatell-v3-frameworks-${CONFIGURATION}-input-files.xcfilelist",
			);
			name = "[CP] Embed Pods Frameworks";
			outputFileListPaths = (
				"${PODS_ROOT}/Target Support Files/Pods-Boatell-v3/Pods-Boatell-v3-frameworks-${CONFIGURATION}-output-files.xcfilelist",
			);
			runOnlyForDeploymentPostprocessing = 0;
			shellPath = /bin/sh;
			shellScript = "\"${PODS_ROOT}/Target Support Files/Pods-Boatell-v3/Pods-Boatell-v3-frameworks.sh\"\n";
			showEnvVarsInLog = 0;
		};
		E27587EED796FEF48420EF48 /* [CP] Check Pods Manifest.lock */ = {
			isa = PBXShellScriptBuildPhase;
			buildActionMask = 2147483647;
			files = (
			);
			inputFileListPaths = (
			);
			inputPaths = (
				"${PODS_PODFILE_DIR_PATH}/Podfile.lock",
				"${PODS_ROOT}/Manifest.lock",
			);
			name = "[CP] Check Pods Manifest.lock";
			outputFileListPaths = (
			);
			outputPaths = (
				"$(DERIVED_FILE_DIR)/Pods-Boatell-v3-checkManifestLockResult.txt",
			);
			runOnlyForDeploymentPostprocessing = 0;
			shellPath = /bin/sh;
			shellScript = "diff \"${PODS_PODFILE_DIR_PATH}/Podfile.lock\" \"${PODS_ROOT}/Manifest.lock\" > /dev/null\nif [ $? != 0 ] ; then\n    # print error to STDERR\n    echo \"error: The sandbox is not in sync with the Podfile.lock. Run 'pod install' or update your CocoaPods installation.\" >&2\n    exit 1\nfi\n# This output is used by Xcode 'outputs' to avoid re-running this script phase.\necho \"SUCCESS\" > \"${SCRIPT_OUTPUT_FILE_0}\"\n";
			showEnvVarsInLog = 0;
		};
/* End PBXShellScriptBuildPhase section */

/* Begin PBXSourcesBuildPhase section */
		45A1E41B24F82E37003744B9 /* Sources */ = {
			isa = PBXSourcesBuildPhase;
			buildActionMask = 2147483647;
			files = (
				455185502513EAFB00888BC5 /* OwnerUpcommingAppointmentWorkOrderViewController.swift in Sources */,
				45BED5C52530E5120080953F /* PaymentsViewController.swift in Sources */,
				454C49B7251000FC00A02076 /* OwnerNewMessagesTableViewController.swift in Sources */,
				45A1E4502502CB23003744B9 /* Users.swift in Sources */,
				45A1E44324FC1BC0003744B9 /* PartController.swift in Sources */,
				450C3D8E2521010C00096832 /* AppDelegate.swift in Sources */,
				450C3D9625240C9500096832 /* OwnerEditServicesViewController.swift in Sources */,
				45A1E44A24FD85D9003744B9 /* DateCell.swift in Sources */,
				450C3D872521008F00096832 /* CheckoutRowView.swift in Sources */,
				450C3D98252410F400096832 /* OwnerServiceDetailPopUpViewController.swift in Sources */,
				45A1E44E2501CD9D003744B9 /* Confirm.swift in Sources */,
				450C3D8C252100DA00096832 /* SettingsViewController.swift in Sources */,
				4551855A2516DCA800888BC5 /* Message.swift in Sources */,
				450C3D94252104FA00096832 /* PaymentContextFooterView.swift in Sources */,
				454C49A32509AAAD00A02076 /* MessagesTableViewController.swift in Sources */,
				45A1E42724F82E37003744B9 /* ViewController.swift in Sources */,
				45AAF375255C609700908981 /* TabBarViewController.swift in Sources */,
				45A1E43D24FC1ACB003744B9 /* UserServicesViewController.swift in Sources */,
				45A1E44824FD8356003744B9 /* DateHeader.swift in Sources */,
				45BED5C72534B6030080953F /* CustomServiceCell.swift in Sources */,
				450C3D912521040C00096832 /* EmojiCheckoutCell.swift in Sources */,
				454C49B0250FEE1900A02076 /* OwnerServiceHistoryViewController.swift in Sources */,
				454C49AC250E94A600A02076 /* OwnerUpcomingServicesTableViewCell.swift in Sources */,
				45A1E45D2504A531003744B9 /* UserServiceHistoryViewController.swift in Sources */,
				45A1E44C24FED668003744B9 /* UserConfirmViewController.swift in Sources */,
				450C3D862521008F00096832 /* Buttons.swift in Sources */,
				45A1E45F2506B667003744B9 /* FirebaseConfirm.swift in Sources */,
				450C3D852521008F00096832 /* CheckoutViewController.swift in Sources */,
				454C49B2250FF14900A02076 /* Owner.swift in Sources */,
				454C49AE250FE94D00A02076 /* OwnerProfileViewController.swift in Sources */,
				450C3D882521008F00096832 /* BrowseProductsViewController.swift in Sources */,
				454C49B92510011200A02076 /* OwnerChatLogsViewController.swift in Sources */,
				454C49A52509AD9500A02076 /* ChatLogsViewController.swift in Sources */,
				45A1E4592504A437003744B9 /* ServiceTableViewCell.swift in Sources */,
				454C49B5251000E700A02076 /* OwnerMessagesTableViewController.swift in Sources */,
				450C3D8A252100A000096832 /* MyAPIClient.swift in Sources */,
				450C3D9A252639F800096832 /* OwnerAddNewServiceViewController.swift in Sources */,
				454C49AA250E927400A02076 /* OwnerUpcomingServicesCalendarViewController.swift in Sources */,
				45A1E45325049A0D003744B9 /* UserProfileViewController.swift in Sources */,
				450C3D7F251EC7D300096832 /* UserServiceDetailViewController.swift in Sources */,
				4551855625153B4C00888BC5 /* ServiceDetailPopUpViewController.swift in Sources */,
				450C3D9C252646AB00096832 /* FirebaseServices.swift in Sources */,
				450C3D922521040C00096832 /* EmojiCell.swift in Sources */,
				45A1E45625049C13003744B9 /* Extensions.swift in Sources */,
				45BED5C92534BB510080953F /* TestNewCheckoutViewController.swift in Sources */,
				455185522513FFDE00888BC5 /* OwnerAppointmentHistoryDetailViewController.swift in Sources */,
				45A1E42524F82E37003744B9 /* SceneDelegate.swift in Sources */,
				45A1E44024FC1B95003744B9 /* Part.swift in Sources */,
				45BED5CB2534C2060080953F /* ServiceCehckoutCell.swift in Sources */,
				4551855C251E59FB00888BC5 /* CollectionViewCell.swift in Sources */,
				454C49A72509B1FB00A02076 /* NewMessagesTableViewController.swift in Sources */,
				45A1E44624FD8142003744B9 /* UserCalendarViewController.swift in Sources */,
				45A1E43824F9F6BC003744B9 /* RegisterViewController.swift in Sources */,
			);
			runOnlyForDeploymentPostprocessing = 0;
		};
/* End PBXSourcesBuildPhase section */

/* Begin PBXVariantGroup section */
		45A1E42824F82E37003744B9 /* Main.storyboard */ = {
			isa = PBXVariantGroup;
			children = (
				45A1E42924F82E37003744B9 /* Base */,
			);
			name = Main.storyboard;
			sourceTree = "<group>";
		};
		45A1E42D24F82E3C003744B9 /* LaunchScreen.storyboard */ = {
			isa = PBXVariantGroup;
			children = (
				45A1E42E24F82E3C003744B9 /* Base */,
			);
			name = LaunchScreen.storyboard;
			sourceTree = "<group>";
		};
/* End PBXVariantGroup section */

/* Begin XCBuildConfiguration section */
		45A1E43124F82E3C003744B9 /* Debug */ = {
			isa = XCBuildConfiguration;
			buildSettings = {
				ALWAYS_SEARCH_USER_PATHS = NO;
				CLANG_ANALYZER_NONNULL = YES;
				CLANG_ANALYZER_NUMBER_OBJECT_CONVERSION = YES_AGGRESSIVE;
				CLANG_CXX_LANGUAGE_STANDARD = "gnu++14";
				CLANG_CXX_LIBRARY = "libc++";
				CLANG_ENABLE_MODULES = YES;
				CLANG_ENABLE_OBJC_ARC = YES;
				CLANG_ENABLE_OBJC_WEAK = YES;
				CLANG_WARN_BLOCK_CAPTURE_AUTORELEASING = YES;
				CLANG_WARN_BOOL_CONVERSION = YES;
				CLANG_WARN_COMMA = YES;
				CLANG_WARN_CONSTANT_CONVERSION = YES;
				CLANG_WARN_DEPRECATED_OBJC_IMPLEMENTATIONS = YES;
				CLANG_WARN_DIRECT_OBJC_ISA_USAGE = YES_ERROR;
				CLANG_WARN_DOCUMENTATION_COMMENTS = YES;
				CLANG_WARN_EMPTY_BODY = YES;
				CLANG_WARN_ENUM_CONVERSION = YES;
				CLANG_WARN_INFINITE_RECURSION = YES;
				CLANG_WARN_INT_CONVERSION = YES;
				CLANG_WARN_NON_LITERAL_NULL_CONVERSION = YES;
				CLANG_WARN_OBJC_IMPLICIT_RETAIN_SELF = YES;
				CLANG_WARN_OBJC_LITERAL_CONVERSION = YES;
				CLANG_WARN_OBJC_ROOT_CLASS = YES_ERROR;
				CLANG_WARN_RANGE_LOOP_ANALYSIS = YES;
				CLANG_WARN_STRICT_PROTOTYPES = YES;
				CLANG_WARN_SUSPICIOUS_MOVE = YES;
				CLANG_WARN_UNGUARDED_AVAILABILITY = YES_AGGRESSIVE;
				CLANG_WARN_UNREACHABLE_CODE = YES;
				CLANG_WARN__DUPLICATE_METHOD_MATCH = YES;
				COPY_PHASE_STRIP = NO;
				DEBUG_INFORMATION_FORMAT = dwarf;
				ENABLE_STRICT_OBJC_MSGSEND = YES;
				ENABLE_TESTABILITY = YES;
				GCC_C_LANGUAGE_STANDARD = gnu11;
				GCC_DYNAMIC_NO_PIC = NO;
				GCC_NO_COMMON_BLOCKS = YES;
				GCC_OPTIMIZATION_LEVEL = 0;
				GCC_PREPROCESSOR_DEFINITIONS = (
					"DEBUG=1",
					"$(inherited)",
				);
				GCC_WARN_64_TO_32_BIT_CONVERSION = YES;
				GCC_WARN_ABOUT_RETURN_TYPE = YES_ERROR;
				GCC_WARN_UNDECLARED_SELECTOR = YES;
				GCC_WARN_UNINITIALIZED_AUTOS = YES_AGGRESSIVE;
				GCC_WARN_UNUSED_FUNCTION = YES;
				GCC_WARN_UNUSED_VARIABLE = YES;
				IPHONEOS_DEPLOYMENT_TARGET = 13.5;
				MTL_ENABLE_DEBUG_INFO = INCLUDE_SOURCE;
				MTL_FAST_MATH = YES;
				ONLY_ACTIVE_ARCH = YES;
				SDKROOT = iphoneos;
				SWIFT_ACTIVE_COMPILATION_CONDITIONS = DEBUG;
				SWIFT_OPTIMIZATION_LEVEL = "-Onone";
			};
			name = Debug;
		};
		45A1E43224F82E3C003744B9 /* Release */ = {
			isa = XCBuildConfiguration;
			buildSettings = {
				ALWAYS_SEARCH_USER_PATHS = NO;
				CLANG_ANALYZER_NONNULL = YES;
				CLANG_ANALYZER_NUMBER_OBJECT_CONVERSION = YES_AGGRESSIVE;
				CLANG_CXX_LANGUAGE_STANDARD = "gnu++14";
				CLANG_CXX_LIBRARY = "libc++";
				CLANG_ENABLE_MODULES = YES;
				CLANG_ENABLE_OBJC_ARC = YES;
				CLANG_ENABLE_OBJC_WEAK = YES;
				CLANG_WARN_BLOCK_CAPTURE_AUTORELEASING = YES;
				CLANG_WARN_BOOL_CONVERSION = YES;
				CLANG_WARN_COMMA = YES;
				CLANG_WARN_CONSTANT_CONVERSION = YES;
				CLANG_WARN_DEPRECATED_OBJC_IMPLEMENTATIONS = YES;
				CLANG_WARN_DIRECT_OBJC_ISA_USAGE = YES_ERROR;
				CLANG_WARN_DOCUMENTATION_COMMENTS = YES;
				CLANG_WARN_EMPTY_BODY = YES;
				CLANG_WARN_ENUM_CONVERSION = YES;
				CLANG_WARN_INFINITE_RECURSION = YES;
				CLANG_WARN_INT_CONVERSION = YES;
				CLANG_WARN_NON_LITERAL_NULL_CONVERSION = YES;
				CLANG_WARN_OBJC_IMPLICIT_RETAIN_SELF = YES;
				CLANG_WARN_OBJC_LITERAL_CONVERSION = YES;
				CLANG_WARN_OBJC_ROOT_CLASS = YES_ERROR;
				CLANG_WARN_RANGE_LOOP_ANALYSIS = YES;
				CLANG_WARN_STRICT_PROTOTYPES = YES;
				CLANG_WARN_SUSPICIOUS_MOVE = YES;
				CLANG_WARN_UNGUARDED_AVAILABILITY = YES_AGGRESSIVE;
				CLANG_WARN_UNREACHABLE_CODE = YES;
				CLANG_WARN__DUPLICATE_METHOD_MATCH = YES;
				COPY_PHASE_STRIP = NO;
				DEBUG_INFORMATION_FORMAT = "dwarf-with-dsym";
				ENABLE_NS_ASSERTIONS = NO;
				ENABLE_STRICT_OBJC_MSGSEND = YES;
				GCC_C_LANGUAGE_STANDARD = gnu11;
				GCC_NO_COMMON_BLOCKS = YES;
				GCC_WARN_64_TO_32_BIT_CONVERSION = YES;
				GCC_WARN_ABOUT_RETURN_TYPE = YES_ERROR;
				GCC_WARN_UNDECLARED_SELECTOR = YES;
				GCC_WARN_UNINITIALIZED_AUTOS = YES_AGGRESSIVE;
				GCC_WARN_UNUSED_FUNCTION = YES;
				GCC_WARN_UNUSED_VARIABLE = YES;
				IPHONEOS_DEPLOYMENT_TARGET = 13.5;
				MTL_ENABLE_DEBUG_INFO = NO;
				MTL_FAST_MATH = YES;
				SDKROOT = iphoneos;
				SWIFT_COMPILATION_MODE = wholemodule;
				SWIFT_OPTIMIZATION_LEVEL = "-O";
				VALIDATE_PRODUCT = YES;
			};
			name = Release;
		};
		45A1E43424F82E3C003744B9 /* Debug */ = {
			isa = XCBuildConfiguration;
			baseConfigurationReference = B3D111A115C7FAD47E615D9B /* Pods-Boatell-v3.debug.xcconfig */;
			buildSettings = {
				ASSETCATALOG_COMPILER_APPICON_NAME = AppIcon;
				CODE_SIGN_STYLE = Automatic;
				DEVELOPMENT_TEAM = T9N7S9647J;
				INFOPLIST_FILE = "Boatell-v3/Info.plist";
				LD_RUNPATH_SEARCH_PATHS = (
					"$(inherited)",
					"@executable_path/Frameworks",
				);
				PRODUCT_BUNDLE_IDENTIFIER = "com.flash.Boatell-v3";
				PRODUCT_NAME = "$(TARGET_NAME)";
				SWIFT_VERSION = 5.0;
				TARGETED_DEVICE_FAMILY = "1,2";
			};
			name = Debug;
		};
		45A1E43524F82E3C003744B9 /* Release */ = {
			isa = XCBuildConfiguration;
			baseConfigurationReference = 45EB1FCBE3A9FC79838EE83D /* Pods-Boatell-v3.release.xcconfig */;
			buildSettings = {
				ASSETCATALOG_COMPILER_APPICON_NAME = AppIcon;
				CODE_SIGN_STYLE = Automatic;
				DEVELOPMENT_TEAM = T9N7S9647J;
				INFOPLIST_FILE = "Boatell-v3/Info.plist";
				LD_RUNPATH_SEARCH_PATHS = (
					"$(inherited)",
					"@executable_path/Frameworks",
				);
				PRODUCT_BUNDLE_IDENTIFIER = "com.flash.Boatell-v3";
				PRODUCT_NAME = "$(TARGET_NAME)";
				SWIFT_VERSION = 5.0;
				TARGETED_DEVICE_FAMILY = "1,2";
			};
			name = Release;
		};
/* End XCBuildConfiguration section */

/* Begin XCConfigurationList section */
		45A1E41A24F82E37003744B9 /* Build configuration list for PBXProject "Boatell-v3" */ = {
			isa = XCConfigurationList;
			buildConfigurations = (
				45A1E43124F82E3C003744B9 /* Debug */,
				45A1E43224F82E3C003744B9 /* Release */,
			);
			defaultConfigurationIsVisible = 0;
			defaultConfigurationName = Release;
		};
		45A1E43324F82E3C003744B9 /* Build configuration list for PBXNativeTarget "Boatell-v3" */ = {
			isa = XCConfigurationList;
			buildConfigurations = (
				45A1E43424F82E3C003744B9 /* Debug */,
				45A1E43524F82E3C003744B9 /* Release */,
			);
			defaultConfigurationIsVisible = 0;
			defaultConfigurationName = Release;
		};
/* End XCConfigurationList section */
	};
	rootObject = 45A1E41724F82E37003744B9 /* Project object */;
}
